
Microsoft Visual Studio Solution File, Format Version 12.00
# Visual Studio 2012
Project("{FAE04EC0-301F-11D3-BF4B-00C04F79EFBC}") = "PrismDemo", "WpfApplication1\PrismDemo.csproj", "{81CC7DCF-6D2A-436F-95B9-E9108DAEF246}"
EndProject
Project("{FAE04EC0-301F-11D3-BF4B-00C04F79EFBC}") = "Model", "Model\Model.csproj", "{6F587F3A-5423-469A-954C-D5D157E1FACE}"
EndProject
Global
	GlobalSection(SolutionConfigurationPlatforms) = preSolution
		Debug|Any CPU = Debug|Any CPU
		Release|Any CPU = Release|Any CPU
	EndGlobalSection
	GlobalSection(ProjectConfigurationPlatforms) = postSolution
		{81CC7DCF-6D2A-436F-95B9-E9108DAEF246}.Debug|Any CPU.ActiveCfg = Debug|Any CPU
		{81CC7DCF-6D2A-436F-95B9-E9108DAEF246}.Debug|Any CPU.Build.0 = Debug|Any CPU
		{81CC7DCF-6D2A-436F-95B9-E9108DAEF246}.Release|Any CPU.ActiveCfg = Release|Any CPU
		{81CC7DCF-6D2A-436F-95B9-E9108DAEF246}.Release|Any CPU.Build.0 = Release|Any CPU
		{6F587F3A-5423-469A-954C-D5D157E1FACE}.Debug|Any CPU.ActiveCfg = Debug|Any CPU
		{6F587F3A-5423-469A-954C-D5D157E1FACE}.Debug|Any CPU.Build.0 = Debug|Any CPU
		{6F587F3A-5423-469A-954C-D5D157E1FACE}.Release|Any CPU.ActiveCfg = Release|Any CPU
		{6F587F3A-5423-469A-954C-D5D157E1FACE}.Release|Any CPU.Build.0 = Release|Any CPU
	EndGlobalSection
	GlobalSection(SolutionProperties) = preSolution
		HideSolutionNode = FALSE
	EndGlobalSection
EndGlobal
